
Microsoft Visual Studio Solution File, Format Version 12.00
# Visual Studio Version 16
VisualStudioVersion = 16.0.30611.23
MinimumVisualStudioVersion = 10.0.40219.1
Project("{9A19103F-16F7-4668-BE54-9A1E7A4F7556}") = "Aula_01", "Aula_01\Aula_01.csproj", "{C06855A4-0FFF-455B-9043-123DDA38AD9F}"
EndProject
Project("{FAE04EC0-301F-11D3-BF4B-00C04F79EFBC}") = "Aula_02", "Aula_02\Aula_02.csproj", "{1179B4BF-5E0B-4C65-A8B2-96E5BA94D847}"
EndProject
Global
	GlobalSection(SolutionConfigurationPlatforms) = preSolution
		Debug|Any CPU = Debug|Any CPU
		Release|Any CPU = Release|Any CPU
	EndGlobalSection
	GlobalSection(ProjectConfigurationPlatforms) = postSolution
		{C06855A4-0FFF-455B-9043-123DDA38AD9F}.Debug|Any CPU.ActiveCfg = Debug|Any CPU
		{C06855A4-0FFF-455B-9043-123DDA38AD9F}.Debug|Any CPU.Build.0 = Debug|Any CPU
		{C06855A4-0FFF-455B-9043-123DDA38AD9F}.Release|Any CPU.ActiveCfg = Release|Any CPU
		{C06855A4-0FFF-455B-9043-123DDA38AD9F}.Release|Any CPU.Build.0 = Release|Any CPU
		{1179B4BF-5E0B-4C65-A8B2-96E5BA94D847}.Debug|Any CPU.ActiveCfg = Debug|Any CPU
		{1179B4BF-5E0B-4C65-A8B2-96E5BA94D847}.Debug|Any CPU.Build.0 = Debug|Any CPU
		{1179B4BF-5E0B-4C65-A8B2-96E5BA94D847}.Release|Any CPU.ActiveCfg = Release|Any CPU
		{1179B4BF-5E0B-4C65-A8B2-96E5BA94D847}.Release|Any CPU.Build.0 = Release|Any CPU
	EndGlobalSection
	GlobalSection(SolutionProperties) = preSolution
		HideSolutionNode = FALSE
	EndGlobalSection
	GlobalSection(ExtensibilityGlobals) = postSolution
		SolutionGuid = {DEBAD3BB-8BDF-4B9A-95CD-618D8C1FA32A}
	EndGlobalSection
EndGlobal
